
Microsoft Visual Studio Solution File, Format Version 12.00
# Visual Studio 14
VisualStudioVersion = 14.0.25420.1
MinimumVisualStudioVersion = 10.0.40219.1
Project("{FAE04EC0-301F-11D3-BF4B-00C04F79EFBC}") = "TestDllApp", "TestDllApp\TestDllApp.csproj", "{801D7CAF-AC5E-4933-90C4-00745E251DB0}"
	ProjectSection(ProjectDependencies) = postProject
		{E863D072-AA8B-4108-B5F1-785241B37F67} = {E863D072-AA8B-4108-B5F1-785241B37F67}
	EndProjectSection
EndProject
Project("{FAE04EC0-301F-11D3-BF4B-00C04F79EFBC}") = "TermRules", "TermRules\TermRules.csproj", "{D9F8181D-3F9F-49BF-9744-85F4AC3D65D2}"
	ProjectSection(ProjectDependencies) = postProject
		{CB6A0D3D-B432-48CF-B209-837E60F31633} = {CB6A0D3D-B432-48CF-B209-837E60F31633}
		{E863D072-AA8B-4108-B5F1-785241B37F67} = {E863D072-AA8B-4108-B5F1-785241B37F67}
		{30F6F1F3-7D37-4CC1-B56B-8B8209B20B2E} = {30F6F1F3-7D37-4CC1-B56B-8B8209B20B2E}
	EndProjectSection
EndProject
Project("{FAE04EC0-301F-11D3-BF4B-00C04F79EFBC}") = "CheckPatterns", "CheckPatterns\CheckPatterns.csproj", "{633A07D0-CD8F-4659-8C62-F94791FA2AE0}"
EndProject
Project("{FAE04EC0-301F-11D3-BF4B-00C04F79EFBC}") = "TermRulesV2", "TermRulesV2\TermRulesV2.csproj", "{F6D6BCCB-94FA-455A-998B-16F96AFBD6E2}"
EndProject
Project("{FAE04EC0-301F-11D3-BF4B-00C04F79EFBC}") = "TestPatterns", "TestPatterns\TestPatterns.csproj", "{438E96A6-642C-4B6D-9624-379A8FE3808B}"
EndProject
Project("{FAE04EC0-301F-11D3-BF4B-00C04F79EFBC}") = "SWSTool", "SWSTool\SWSTool.csproj", "{855295D4-1E7E-4159-9D8E-A504F4A96FBD}"
	ProjectSection(ProjectDependencies) = postProject
		{D9F8181D-3F9F-49BF-9744-85F4AC3D65D2} = {D9F8181D-3F9F-49BF-9744-85F4AC3D65D2}
		{E863D072-AA8B-4108-B5F1-785241B37F67} = {E863D072-AA8B-4108-B5F1-785241B37F67}
		{74BD08ED-6C19-4CA9-A812-4A16F7D1F1C5} = {74BD08ED-6C19-4CA9-A812-4A16F7D1F1C5}
		{30F6F1F3-7D37-4CC1-B56B-8B8209B20B2E} = {30F6F1F3-7D37-4CC1-B56B-8B8209B20B2E}
	EndProjectSection
EndProject
Project("{FAE04EC0-301F-11D3-BF4B-00C04F79EFBC}") = "LemmatizerNET", "LemmatizerNET\LemmatizerNET.csproj", "{30F6F1F3-7D37-4CC1-B56B-8B8209B20B2E}"
EndProject
Project("{FAE04EC0-301F-11D3-BF4B-00C04F79EFBC}") = "DocX", "DocX\DocX\DocX.csproj", "{E863D072-AA8B-4108-B5F1-785241B37F67}"
EndProject
Project("{FAE04EC0-301F-11D3-BF4B-00C04F79EFBC}") = "DbscanImplementation", "DbscanImplementation\DbscanImplementation.csproj", "{CB6A0D3D-B432-48CF-B209-837E60F31633}"
EndProject
Project("{FAE04EC0-301F-11D3-BF4B-00C04F79EFBC}") = "BjSTools.File.Json", "BjSTools.File.Json\BjSTools.File.Json.csproj", "{74BD08ED-6C19-4CA9-A812-4A16F7D1F1C5}"
EndProject
Project("{FAE04EC0-301F-11D3-BF4B-00C04F79EFBC}") = "Forel", "Forel\Forel.csproj", "{52CB7F8F-DF1B-43E5-9E94-FCC612991386}"
EndProject
Global
	GlobalSection(SolutionConfigurationPlatforms) = preSolution
		Debug|Any CPU = Debug|Any CPU
		Debug|x86 = Debug|x86
		Release|Any CPU = Release|Any CPU
		Release|x86 = Release|x86
	EndGlobalSection
	GlobalSection(ProjectConfigurationPlatforms) = postSolution
		{801D7CAF-AC5E-4933-90C4-00745E251DB0}.Debug|Any CPU.ActiveCfg = Debug|Any CPU
		{801D7CAF-AC5E-4933-90C4-00745E251DB0}.Debug|Any CPU.Build.0 = Debug|Any CPU
		{801D7CAF-AC5E-4933-90C4-00745E251DB0}.Debug|x86.ActiveCfg = Debug|Any CPU
		{801D7CAF-AC5E-4933-90C4-00745E251DB0}.Debug|x86.Build.0 = Debug|Any CPU
		{801D7CAF-AC5E-4933-90C4-00745E251DB0}.Release|Any CPU.ActiveCfg = Release|Any CPU
		{801D7CAF-AC5E-4933-90C4-00745E251DB0}.Release|Any CPU.Build.0 = Release|Any CPU
		{801D7CAF-AC5E-4933-90C4-00745E251DB0}.Release|x86.ActiveCfg = Release|Any CPU
		{801D7CAF-AC5E-4933-90C4-00745E251DB0}.Release|x86.Build.0 = Release|Any CPU
		{D9F8181D-3F9F-49BF-9744-85F4AC3D65D2}.Debug|Any CPU.ActiveCfg = Debug|Any CPU
		{D9F8181D-3F9F-49BF-9744-85F4AC3D65D2}.Debug|Any CPU.Build.0 = Debug|Any CPU
		{D9F8181D-3F9F-49BF-9744-85F4AC3D65D2}.Debug|x86.ActiveCfg = Debug|Any CPU
		{D9F8181D-3F9F-49BF-9744-85F4AC3D65D2}.Debug|x86.Build.0 = Debug|Any CPU
		{D9F8181D-3F9F-49BF-9744-85F4AC3D65D2}.Release|Any CPU.ActiveCfg = Release|Any CPU
		{D9F8181D-3F9F-49BF-9744-85F4AC3D65D2}.Release|Any CPU.Build.0 = Release|Any CPU
		{D9F8181D-3F9F-49BF-9744-85F4AC3D65D2}.Release|x86.ActiveCfg = Release|Any CPU
		{D9F8181D-3F9F-49BF-9744-85F4AC3D65D2}.Release|x86.Build.0 = Release|Any CPU
		{633A07D0-CD8F-4659-8C62-F94791FA2AE0}.Debug|Any CPU.ActiveCfg = Debug|Any CPU
		{633A07D0-CD8F-4659-8C62-F94791FA2AE0}.Debug|Any CPU.Build.0 = Debug|Any CPU
		{633A07D0-CD8F-4659-8C62-F94791FA2AE0}.Debug|x86.ActiveCfg = Debug|Any CPU
		{633A07D0-CD8F-4659-8C62-F94791FA2AE0}.Debug|x86.Build.0 = Debug|Any CPU
		{633A07D0-CD8F-4659-8C62-F94791FA2AE0}.Release|Any CPU.ActiveCfg = Release|Any CPU
		{633A07D0-CD8F-4659-8C62-F94791FA2AE0}.Release|Any CPU.Build.0 = Release|Any CPU
		{633A07D0-CD8F-4659-8C62-F94791FA2AE0}.Release|x86.ActiveCfg = Release|Any CPU
		{633A07D0-CD8F-4659-8C62-F94791FA2AE0}.Release|x86.Build.0 = Release|Any CPU
		{F6D6BCCB-94FA-455A-998B-16F96AFBD6E2}.Debug|Any CPU.ActiveCfg = Debug|Any CPU
		{F6D6BCCB-94FA-455A-998B-16F96AFBD6E2}.Debug|Any CPU.Build.0 = Debug|Any CPU
		{F6D6BCCB-94FA-455A-998B-16F96AFBD6E2}.Debug|x86.ActiveCfg = Debug|Any CPU
		{F6D6BCCB-94FA-455A-998B-16F96AFBD6E2}.Debug|x86.Build.0 = Debug|Any CPU
		{F6D6BCCB-94FA-455A-998B-16F96AFBD6E2}.Release|Any CPU.ActiveCfg = Release|Any CPU
		{F6D6BCCB-94FA-455A-998B-16F96AFBD6E2}.Release|Any CPU.Build.0 = Release|Any CPU
		{F6D6BCCB-94FA-455A-998B-16F96AFBD6E2}.Release|x86.ActiveCfg = Release|Any CPU
		{F6D6BCCB-94FA-455A-998B-16F96AFBD6E2}.Release|x86.Build.0 = Release|Any CPU
		{438E96A6-642C-4B6D-9624-379A8FE3808B}.Debug|Any CPU.ActiveCfg = Debug|Any CPU
		{438E96A6-642C-4B6D-9624-379A8FE3808B}.Debug|Any CPU.Build.0 = Debug|Any CPU
		{438E96A6-642C-4B6D-9624-379A8FE3808B}.Debug|x86.ActiveCfg = Debug|Any CPU
		{438E96A6-642C-4B6D-9624-379A8FE3808B}.Debug|x86.Build.0 = Debug|Any CPU
		{438E96A6-642C-4B6D-9624-379A8FE3808B}.Release|Any CPU.ActiveCfg = Release|Any CPU
		{438E96A6-642C-4B6D-9624-379A8FE3808B}.Release|Any CPU.Build.0 = Release|Any CPU
		{438E96A6-642C-4B6D-9624-379A8FE3808B}.Release|x86.ActiveCfg = Release|Any CPU
		{438E96A6-642C-4B6D-9624-379A8FE3808B}.Release|x86.Build.0 = Release|Any CPU
		{855295D4-1E7E-4159-9D8E-A504F4A96FBD}.Debug|Any CPU.ActiveCfg = Debug|Any CPU
		{855295D4-1E7E-4159-9D8E-A504F4A96FBD}.Debug|Any CPU.Build.0 = Debug|Any CPU
		{855295D4-1E7E-4159-9D8E-A504F4A96FBD}.Debug|x86.ActiveCfg = Debug|Any CPU
		{855295D4-1E7E-4159-9D8E-A504F4A96FBD}.Debug|x86.Build.0 = Debug|Any CPU
		{855295D4-1E7E-4159-9D8E-A504F4A96FBD}.Release|Any CPU.ActiveCfg = Release|Any CPU
		{855295D4-1E7E-4159-9D8E-A504F4A96FBD}.Release|Any CPU.Build.0 = Release|Any CPU
		{855295D4-1E7E-4159-9D8E-A504F4A96FBD}.Release|x86.ActiveCfg = Release|Any CPU
		{855295D4-1E7E-4159-9D8E-A504F4A96FBD}.Release|x86.Build.0 = Release|Any CPU
		{30F6F1F3-7D37-4CC1-B56B-8B8209B20B2E}.Debug|Any CPU.ActiveCfg = Debug|Any CPU
		{30F6F1F3-7D37-4CC1-B56B-8B8209B20B2E}.Debug|Any CPU.Build.0 = Debug|Any CPU
		{30F6F1F3-7D37-4CC1-B56B-8B8209B20B2E}.Debug|x86.ActiveCfg = Debug|Any CPU
		{30F6F1F3-7D37-4CC1-B56B-8B8209B20B2E}.Debug|x86.Build.0 = Debug|Any CPU
		{30F6F1F3-7D37-4CC1-B56B-8B8209B20B2E}.Release|Any CPU.ActiveCfg = Release|Any CPU
		{30F6F1F3-7D37-4CC1-B56B-8B8209B20B2E}.Release|Any CPU.Build.0 = Release|Any CPU
		{30F6F1F3-7D37-4CC1-B56B-8B8209B20B2E}.Release|x86.ActiveCfg = Release|Any CPU
		{30F6F1F3-7D37-4CC1-B56B-8B8209B20B2E}.Release|x86.Build.0 = Release|Any CPU
		{E863D072-AA8B-4108-B5F1-785241B37F67}.Debug|Any CPU.ActiveCfg = Debug|Any CPU
		{E863D072-AA8B-4108-B5F1-785241B37F67}.Debug|Any CPU.Build.0 = Debug|Any CPU
		{E863D072-AA8B-4108-B5F1-785241B37F67}.Debug|x86.ActiveCfg = Debug|Any CPU
		{E863D072-AA8B-4108-B5F1-785241B37F67}.Debug|x86.Build.0 = Debug|Any CPU
		{E863D072-AA8B-4108-B5F1-785241B37F67}.Release|Any CPU.ActiveCfg = Release|Any CPU
		{E863D072-AA8B-4108-B5F1-785241B37F67}.Release|Any CPU.Build.0 = Release|Any CPU
		{E863D072-AA8B-4108-B5F1-785241B37F67}.Release|x86.ActiveCfg = Release|Any CPU
		{E863D072-AA8B-4108-B5F1-785241B37F67}.Release|x86.Build.0 = Release|Any CPU
		{CB6A0D3D-B432-48CF-B209-837E60F31633}.Debug|Any CPU.ActiveCfg = Debug|Any CPU
		{CB6A0D3D-B432-48CF-B209-837E60F31633}.Debug|Any CPU.Build.0 = Debug|Any CPU
		{CB6A0D3D-B432-48CF-B209-837E60F31633}.Debug|x86.ActiveCfg = Debug|Any CPU
		{CB6A0D3D-B432-48CF-B209-837E60F31633}.Debug|x86.Build.0 = Debug|Any CPU
		{CB6A0D3D-B432-48CF-B209-837E60F31633}.Release|Any CPU.ActiveCfg = Release|Any CPU
		{CB6A0D3D-B432-48CF-B209-837E60F31633}.Release|Any CPU.Build.0 = Release|Any CPU
		{CB6A0D3D-B432-48CF-B209-837E60F31633}.Release|x86.ActiveCfg = Release|Any CPU
		{CB6A0D3D-B432-48CF-B209-837E60F31633}.Release|x86.Build.0 = Release|Any CPU
		{74BD08ED-6C19-4CA9-A812-4A16F7D1F1C5}.Debug|Any CPU.ActiveCfg = Debug|Any CPU
		{74BD08ED-6C19-4CA9-A812-4A16F7D1F1C5}.Debug|Any CPU.Build.0 = Debug|Any CPU
		{74BD08ED-6C19-4CA9-A812-4A16F7D1F1C5}.Debug|x86.ActiveCfg = Debug|Any CPU
		{74BD08ED-6C19-4CA9-A812-4A16F7D1F1C5}.Debug|x86.Build.0 = Debug|Any CPU
		{74BD08ED-6C19-4CA9-A812-4A16F7D1F1C5}.Release|Any CPU.ActiveCfg = Release|Any CPU
		{74BD08ED-6C19-4CA9-A812-4A16F7D1F1C5}.Release|Any CPU.Build.0 = Release|Any CPU
		{74BD08ED-6C19-4CA9-A812-4A16F7D1F1C5}.Release|x86.ActiveCfg = Release|Any CPU
		{74BD08ED-6C19-4CA9-A812-4A16F7D1F1C5}.Release|x86.Build.0 = Release|Any CPU
		{52CB7F8F-DF1B-43E5-9E94-FCC612991386}.Debug|Any CPU.ActiveCfg = Debug|Any CPU
		{52CB7F8F-DF1B-43E5-9E94-FCC612991386}.Debug|Any CPU.Build.0 = Debug|Any CPU
		{52CB7F8F-DF1B-43E5-9E94-FCC612991386}.Debug|x86.ActiveCfg = Debug|Any CPU
		{52CB7F8F-DF1B-43E5-9E94-FCC612991386}.Debug|x86.Build.0 = Debug|Any CPU
		{52CB7F8F-DF1B-43E5-9E94-FCC612991386}.Release|Any CPU.ActiveCfg = Release|Any CPU
		{52CB7F8F-DF1B-43E5-9E94-FCC612991386}.Release|Any CPU.Build.0 = Release|Any CPU
		{52CB7F8F-DF1B-43E5-9E94-FCC612991386}.Release|x86.ActiveCfg = Release|Any CPU
		{52CB7F8F-DF1B-43E5-9E94-FCC612991386}.Release|x86.Build.0 = Release|Any CPU
	EndGlobalSection
	GlobalSection(SolutionProperties) = preSolution
		HideSolutionNode = FALSE
	EndGlobalSection
EndGlobal
